
Microsoft Visual Studio Solution File, Format Version 11.00
# Visual Studio 2010
Project("{FAE04EC0-301F-11D3-BF4B-00C04F79EFBC}") = "DirectOutput", "DirectOutput\DirectOutput.csproj", "{DA43ACDD-8241-4A28-8EB2-DAE80D91FAA8}"
EndProject
Project("{FAE04EC0-301F-11D3-BF4B-00C04F79EFBC}") = "B2SServerPlugin", "B2SServerPlugin\B2SServerPlugin.csproj", "{FFD1C931-D563-4BB1-8656-F3C0952B287A}"
EndProject
Project("{FAE04EC0-301F-11D3-BF4B-00C04F79EFBC}") = "Documentation", "Documentation\Documentation.csproj", "{900AD058-EB0D-4DBC-BF34-DE5824A8C1D8}"
EndProject
Project("{2150E333-8FDC-42A3-9474-1A3956D46DE8}") = "Solution Items", "Solution Items", "{F2AB1149-7592-415E-80ED-72E8FEEEC0F7}"
	ProjectSection(SolutionItems) = preProject
		README.md = README.md
	EndProjectSection
EndProject
Project("{2150E333-8FDC-42A3-9474-1A3956D46DE8}") = "DoxygenConfig", "DoxygenConfig", "{EDE93E1C-BCFC-48E6-B665-14DD423C5CC1}"
	ProjectSection(SolutionItems) = preProject
		DoxygenConfig\directoutputstyle.css = DoxygenConfig\directoutputstyle.css
		DoxygenConfig\DoxygenConfigFile_Github = DoxygenConfig\DoxygenConfigFile_Github
		DoxygenConfig\DoxygenConfigFile_LocalWIP = DoxygenConfig\DoxygenConfigFile_LocalWIP
		DoxygenConfig\footer_Github.html = DoxygenConfig\footer_Github.html
		DoxygenConfig\footer_local.html = DoxygenConfig\footer_local.html
		DoxygenConfig\header_Github.html = DoxygenConfig\header_Github.html
		DoxygenConfig\header_local.html = DoxygenConfig\header_local.html
	EndProjectSection
EndProject
Project("{FAE04EC0-301F-11D3-BF4B-00C04F79EFBC}") = "LedControlFileTester", "LedControlFileTester\LedControlFileTester.csproj", "{97F9D29A-6938-4667-A489-C4D3308EB086}"
EndProject
Project("{2150E333-8FDC-42A3-9474-1A3956D46DE8}") = "Bat Files", "Bat Files", "{C03A8BBC-F8F7-4A6B-9F4C-86866CC854E1}"
	ProjectSection(SolutionItems) = preProject
		betarelease.bat = betarelease.bat
		BuildGithubDocu.bat = BuildGithubDocu.bat
		BuildLocalWIPDocu.bat = BuildLocalWIPDocu.bat
		copy2cab.bat = copy2cab.bat
		debugrelease.bat = debugrelease.bat
	EndProjectSection
EndProject
Project("{FAE04EC0-301F-11D3-BF4B-00C04F79EFBC}") = "DirectOutputConfigTester", "DirectOutputConfigTester\DirectOutputConfigTester.csproj", "{A65B13C1-B813-4478-B130-6B6CB7D98EB9}"
EndProject
Project("{FAE04EC0-301F-11D3-BF4B-00C04F79EFBC}") = "DirectPlugin", "DirectPlugin\DirectPlugin.csproj", "{A6DC5ADD-DFCA-40ED-B281-3ADF83AEDA8D}"
EndProject
Project("{F184B08F-C81C-45F6-A57F-5ABD9991F28F}") = "DirectOutputComObject", "DirectOutputComObject\DirectOutputComObject.vbproj", "{D9E91AB1-AE38-41B3-9224-1F945BAB012B}"
EndProject
Project("{FAE04EC0-301F-11D3-BF4B-00C04F79EFBC}") = "DirectOutputComObjectRegister", "DirectOutputComObjectRegister\DirectOutputComObjectRegister.csproj", "{0503F7EB-FCD9-4B4A-BE3F-6CF1F3DCB3D2}"
EndProject
Project("{FAE04EC0-301F-11D3-BF4B-00C04F79EFBC}") = "DocumentationHelper", "DocumentationHelper\DocumentationHelper.csproj", "{5A549EF6-DBC5-4C20-A6DB-3F90D81F6465}"
EndProject
Project("{FAE04EC0-301F-11D3-BF4B-00C04F79EFBC}") = "DirectOutput_Test", "DirectOutput_Test\DirectOutput_Test.csproj", "{D7706CEA-BCB0-4FAE-8A68-16837CD7C22C}"
EndProject
Project("{FAE04EC0-301F-11D3-BF4B-00C04F79EFBC}") = "LedControlConverter", "LedControlConverter\LedControlConverter.csproj", "{321CEB18-1B0E-40DC-8828-2224242AE07B}"
EndProject
Global
	GlobalSection(SolutionConfigurationPlatforms) = preSolution
		Debug|Any CPU = Debug|Any CPU
		Debug|Itanium = Debug|Itanium
		Debug|Mixed Platforms = Debug|Mixed Platforms
		Debug|x86 = Debug|x86
		Release|Any CPU = Release|Any CPU
		Release|Itanium = Release|Itanium
		Release|Mixed Platforms = Release|Mixed Platforms
		Release|x86 = Release|x86
	EndGlobalSection
	GlobalSection(ProjectConfigurationPlatforms) = postSolution
		{DA43ACDD-8241-4A28-8EB2-DAE80D91FAA8}.Debug|Any CPU.ActiveCfg = Debug|Any CPU
		{DA43ACDD-8241-4A28-8EB2-DAE80D91FAA8}.Debug|Any CPU.Build.0 = Debug|Any CPU
		{DA43ACDD-8241-4A28-8EB2-DAE80D91FAA8}.Debug|Itanium.ActiveCfg = Debug|x86
		{DA43ACDD-8241-4A28-8EB2-DAE80D91FAA8}.Debug|Mixed Platforms.ActiveCfg = Debug|Any CPU
		{DA43ACDD-8241-4A28-8EB2-DAE80D91FAA8}.Debug|Mixed Platforms.Build.0 = Debug|Any CPU
		{DA43ACDD-8241-4A28-8EB2-DAE80D91FAA8}.Debug|x86.ActiveCfg = Debug|x86
		{DA43ACDD-8241-4A28-8EB2-DAE80D91FAA8}.Debug|x86.Build.0 = Debug|x86
		{DA43ACDD-8241-4A28-8EB2-DAE80D91FAA8}.Release|Any CPU.ActiveCfg = Release|Any CPU
		{DA43ACDD-8241-4A28-8EB2-DAE80D91FAA8}.Release|Any CPU.Build.0 = Release|Any CPU
		{DA43ACDD-8241-4A28-8EB2-DAE80D91FAA8}.Release|Itanium.ActiveCfg = Release|x86
		{DA43ACDD-8241-4A28-8EB2-DAE80D91FAA8}.Release|Mixed Platforms.ActiveCfg = Release|x86
		{DA43ACDD-8241-4A28-8EB2-DAE80D91FAA8}.Release|Mixed Platforms.Build.0 = Release|x86
		{DA43ACDD-8241-4A28-8EB2-DAE80D91FAA8}.Release|x86.ActiveCfg = Release|x86
		{DA43ACDD-8241-4A28-8EB2-DAE80D91FAA8}.Release|x86.Build.0 = Release|x86
		{FFD1C931-D563-4BB1-8656-F3C0952B287A}.Debug|Any CPU.ActiveCfg = Debug|Any CPU
		{FFD1C931-D563-4BB1-8656-F3C0952B287A}.Debug|Any CPU.Build.0 = Debug|Any CPU
		{FFD1C931-D563-4BB1-8656-F3C0952B287A}.Debug|Itanium.ActiveCfg = Debug|Any CPU
		{FFD1C931-D563-4BB1-8656-F3C0952B287A}.Debug|Mixed Platforms.ActiveCfg = Debug|Any CPU
		{FFD1C931-D563-4BB1-8656-F3C0952B287A}.Debug|Mixed Platforms.Build.0 = Debug|Any CPU
		{FFD1C931-D563-4BB1-8656-F3C0952B287A}.Debug|x86.ActiveCfg = Debug|Any CPU
		{FFD1C931-D563-4BB1-8656-F3C0952B287A}.Debug|x86.Build.0 = Debug|Any CPU
		{FFD1C931-D563-4BB1-8656-F3C0952B287A}.Release|Any CPU.ActiveCfg = Release|Any CPU
		{FFD1C931-D563-4BB1-8656-F3C0952B287A}.Release|Any CPU.Build.0 = Release|Any CPU
		{FFD1C931-D563-4BB1-8656-F3C0952B287A}.Release|Itanium.ActiveCfg = Release|Any CPU
		{FFD1C931-D563-4BB1-8656-F3C0952B287A}.Release|Mixed Platforms.ActiveCfg = Release|Any CPU
		{FFD1C931-D563-4BB1-8656-F3C0952B287A}.Release|Mixed Platforms.Build.0 = Release|Any CPU
		{FFD1C931-D563-4BB1-8656-F3C0952B287A}.Release|x86.ActiveCfg = Release|Any CPU
		{FFD1C931-D563-4BB1-8656-F3C0952B287A}.Release|x86.Build.0 = Release|Any CPU
		{900AD058-EB0D-4DBC-BF34-DE5824A8C1D8}.Debug|Any CPU.ActiveCfg = Debug|x86
		{900AD058-EB0D-4DBC-BF34-DE5824A8C1D8}.Debug|Itanium.ActiveCfg = Debug|x86
		{900AD058-EB0D-4DBC-BF34-DE5824A8C1D8}.Debug|Mixed Platforms.ActiveCfg = Debug|x86
		{900AD058-EB0D-4DBC-BF34-DE5824A8C1D8}.Debug|Mixed Platforms.Build.0 = Debug|x86
		{900AD058-EB0D-4DBC-BF34-DE5824A8C1D8}.Debug|x86.ActiveCfg = Debug|x86
		{900AD058-EB0D-4DBC-BF34-DE5824A8C1D8}.Debug|x86.Build.0 = Debug|x86
		{900AD058-EB0D-4DBC-BF34-DE5824A8C1D8}.Release|Any CPU.ActiveCfg = Release|x86
		{900AD058-EB0D-4DBC-BF34-DE5824A8C1D8}.Release|Itanium.ActiveCfg = Release|x86
		{900AD058-EB0D-4DBC-BF34-DE5824A8C1D8}.Release|Mixed Platforms.ActiveCfg = Release|x86
		{900AD058-EB0D-4DBC-BF34-DE5824A8C1D8}.Release|x86.ActiveCfg = Release|x86
		{900AD058-EB0D-4DBC-BF34-DE5824A8C1D8}.Release|x86.Build.0 = Release|x86
		{97F9D29A-6938-4667-A489-C4D3308EB086}.Debug|Any CPU.ActiveCfg = Debug|x86
		{97F9D29A-6938-4667-A489-C4D3308EB086}.Debug|Itanium.ActiveCfg = Debug|x86
		{97F9D29A-6938-4667-A489-C4D3308EB086}.Debug|Mixed Platforms.ActiveCfg = Debug|x86
		{97F9D29A-6938-4667-A489-C4D3308EB086}.Debug|Mixed Platforms.Build.0 = Debug|x86
		{97F9D29A-6938-4667-A489-C4D3308EB086}.Debug|x86.ActiveCfg = Debug|x86
		{97F9D29A-6938-4667-A489-C4D3308EB086}.Debug|x86.Build.0 = Debug|x86
		{97F9D29A-6938-4667-A489-C4D3308EB086}.Release|Any CPU.ActiveCfg = Release|x86
		{97F9D29A-6938-4667-A489-C4D3308EB086}.Release|Itanium.ActiveCfg = Release|x86
		{97F9D29A-6938-4667-A489-C4D3308EB086}.Release|Mixed Platforms.ActiveCfg = Release|x86
		{97F9D29A-6938-4667-A489-C4D3308EB086}.Release|Mixed Platforms.Build.0 = Release|x86
		{97F9D29A-6938-4667-A489-C4D3308EB086}.Release|x86.ActiveCfg = Release|x86
		{97F9D29A-6938-4667-A489-C4D3308EB086}.Release|x86.Build.0 = Release|x86
		{A65B13C1-B813-4478-B130-6B6CB7D98EB9}.Debug|Any CPU.ActiveCfg = Debug|x86
		{A65B13C1-B813-4478-B130-6B6CB7D98EB9}.Debug|Itanium.ActiveCfg = Debug|x86
		{A65B13C1-B813-4478-B130-6B6CB7D98EB9}.Debug|Mixed Platforms.ActiveCfg = Debug|x86
		{A65B13C1-B813-4478-B130-6B6CB7D98EB9}.Debug|Mixed Platforms.Build.0 = Debug|x86
		{A65B13C1-B813-4478-B130-6B6CB7D98EB9}.Debug|x86.ActiveCfg = Debug|x86
		{A65B13C1-B813-4478-B130-6B6CB7D98EB9}.Debug|x86.Build.0 = Debug|x86
		{A65B13C1-B813-4478-B130-6B6CB7D98EB9}.Release|Any CPU.ActiveCfg = Release|x86
		{A65B13C1-B813-4478-B130-6B6CB7D98EB9}.Release|Itanium.ActiveCfg = Release|x86
		{A65B13C1-B813-4478-B130-6B6CB7D98EB9}.Release|Mixed Platforms.ActiveCfg = Release|x86
		{A65B13C1-B813-4478-B130-6B6CB7D98EB9}.Release|Mixed Platforms.Build.0 = Release|x86
		{A65B13C1-B813-4478-B130-6B6CB7D98EB9}.Release|x86.ActiveCfg = Release|x86
		{A65B13C1-B813-4478-B130-6B6CB7D98EB9}.Release|x86.Build.0 = Release|x86
		{A6DC5ADD-DFCA-40ED-B281-3ADF83AEDA8D}.Debug|Any CPU.ActiveCfg = Debug|Any CPU
		{A6DC5ADD-DFCA-40ED-B281-3ADF83AEDA8D}.Debug|Any CPU.Build.0 = Debug|Any CPU
		{A6DC5ADD-DFCA-40ED-B281-3ADF83AEDA8D}.Debug|Itanium.ActiveCfg = Debug|Any CPU
		{A6DC5ADD-DFCA-40ED-B281-3ADF83AEDA8D}.Debug|Mixed Platforms.ActiveCfg = Debug|Any CPU
		{A6DC5ADD-DFCA-40ED-B281-3ADF83AEDA8D}.Debug|Mixed Platforms.Build.0 = Debug|Any CPU
		{A6DC5ADD-DFCA-40ED-B281-3ADF83AEDA8D}.Debug|x86.ActiveCfg = Debug|Any CPU
		{A6DC5ADD-DFCA-40ED-B281-3ADF83AEDA8D}.Release|Any CPU.ActiveCfg = Release|Any CPU
		{A6DC5ADD-DFCA-40ED-B281-3ADF83AEDA8D}.Release|Any CPU.Build.0 = Release|Any CPU
		{A6DC5ADD-DFCA-40ED-B281-3ADF83AEDA8D}.Release|Itanium.ActiveCfg = Release|Any CPU
		{A6DC5ADD-DFCA-40ED-B281-3ADF83AEDA8D}.Release|Mixed Platforms.ActiveCfg = Release|Any CPU
		{A6DC5ADD-DFCA-40ED-B281-3ADF83AEDA8D}.Release|Mixed Platforms.Build.0 = Release|Any CPU
		{A6DC5ADD-DFCA-40ED-B281-3ADF83AEDA8D}.Release|x86.ActiveCfg = Release|Any CPU
		{D9E91AB1-AE38-41B3-9224-1F945BAB012B}.Debug|Any CPU.ActiveCfg = Debug|Any CPU
		{D9E91AB1-AE38-41B3-9224-1F945BAB012B}.Debug|Any CPU.Build.0 = Debug|Any CPU
		{D9E91AB1-AE38-41B3-9224-1F945BAB012B}.Debug|Itanium.ActiveCfg = Debug|Any CPU
		{D9E91AB1-AE38-41B3-9224-1F945BAB012B}.Debug|Mixed Platforms.ActiveCfg = Debug|Any CPU
		{D9E91AB1-AE38-41B3-9224-1F945BAB012B}.Debug|Mixed Platforms.Build.0 = Debug|Any CPU
		{D9E91AB1-AE38-41B3-9224-1F945BAB012B}.Debug|x86.ActiveCfg = Debug|Any CPU
		{D9E91AB1-AE38-41B3-9224-1F945BAB012B}.Release|Any CPU.ActiveCfg = Release|Any CPU
		{D9E91AB1-AE38-41B3-9224-1F945BAB012B}.Release|Any CPU.Build.0 = Release|Any CPU
		{D9E91AB1-AE38-41B3-9224-1F945BAB012B}.Release|Itanium.ActiveCfg = Release|Any CPU
		{D9E91AB1-AE38-41B3-9224-1F945BAB012B}.Release|Mixed Platforms.ActiveCfg = Release|Any CPU
		{D9E91AB1-AE38-41B3-9224-1F945BAB012B}.Release|Mixed Platforms.Build.0 = Release|Any CPU
		{D9E91AB1-AE38-41B3-9224-1F945BAB012B}.Release|x86.ActiveCfg = Release|Any CPU
		{0503F7EB-FCD9-4B4A-BE3F-6CF1F3DCB3D2}.Debug|Any CPU.ActiveCfg = Debug|x86
		{0503F7EB-FCD9-4B4A-BE3F-6CF1F3DCB3D2}.Debug|Itanium.ActiveCfg = Debug|x86
		{0503F7EB-FCD9-4B4A-BE3F-6CF1F3DCB3D2}.Debug|Mixed Platforms.ActiveCfg = Debug|x86
		{0503F7EB-FCD9-4B4A-BE3F-6CF1F3DCB3D2}.Debug|Mixed Platforms.Build.0 = Debug|x86
		{0503F7EB-FCD9-4B4A-BE3F-6CF1F3DCB3D2}.Debug|x86.ActiveCfg = Debug|x86
		{0503F7EB-FCD9-4B4A-BE3F-6CF1F3DCB3D2}.Debug|x86.Build.0 = Debug|x86
		{0503F7EB-FCD9-4B4A-BE3F-6CF1F3DCB3D2}.Release|Any CPU.ActiveCfg = Release|x86
		{0503F7EB-FCD9-4B4A-BE3F-6CF1F3DCB3D2}.Release|Itanium.ActiveCfg = Release|x86
		{0503F7EB-FCD9-4B4A-BE3F-6CF1F3DCB3D2}.Release|Mixed Platforms.ActiveCfg = Release|x86
		{0503F7EB-FCD9-4B4A-BE3F-6CF1F3DCB3D2}.Release|Mixed Platforms.Build.0 = Release|x86
		{0503F7EB-FCD9-4B4A-BE3F-6CF1F3DCB3D2}.Release|x86.ActiveCfg = Release|x86
		{0503F7EB-FCD9-4B4A-BE3F-6CF1F3DCB3D2}.Release|x86.Build.0 = Release|x86
		{5A549EF6-DBC5-4C20-A6DB-3F90D81F6465}.Debug|Any CPU.ActiveCfg = Debug|x86
		{5A549EF6-DBC5-4C20-A6DB-3F90D81F6465}.Debug|Itanium.ActiveCfg = Debug|x86
		{5A549EF6-DBC5-4C20-A6DB-3F90D81F6465}.Debug|Mixed Platforms.ActiveCfg = Debug|x86
		{5A549EF6-DBC5-4C20-A6DB-3F90D81F6465}.Debug|Mixed Platforms.Build.0 = Debug|x86
		{5A549EF6-DBC5-4C20-A6DB-3F90D81F6465}.Debug|x86.ActiveCfg = Debug|x86
		{5A549EF6-DBC5-4C20-A6DB-3F90D81F6465}.Debug|x86.Build.0 = Debug|x86
		{5A549EF6-DBC5-4C20-A6DB-3F90D81F6465}.Release|Any CPU.ActiveCfg = Release|x86
		{5A549EF6-DBC5-4C20-A6DB-3F90D81F6465}.Release|Itanium.ActiveCfg = Release|x86
		{5A549EF6-DBC5-4C20-A6DB-3F90D81F6465}.Release|Mixed Platforms.ActiveCfg = Release|x86
		{5A549EF6-DBC5-4C20-A6DB-3F90D81F6465}.Release|x86.ActiveCfg = Release|x86
		{5A549EF6-DBC5-4C20-A6DB-3F90D81F6465}.Release|x86.Build.0 = Release|x86
		{D7706CEA-BCB0-4FAE-8A68-16837CD7C22C}.Debug|Any CPU.ActiveCfg = Debug|x86
		{D7706CEA-BCB0-4FAE-8A68-16837CD7C22C}.Debug|Itanium.ActiveCfg = Debug|x86
		{D7706CEA-BCB0-4FAE-8A68-16837CD7C22C}.Debug|Mixed Platforms.ActiveCfg = Debug|x86
		{D7706CEA-BCB0-4FAE-8A68-16837CD7C22C}.Debug|Mixed Platforms.Build.0 = Debug|x86
		{D7706CEA-BCB0-4FAE-8A68-16837CD7C22C}.Debug|x86.ActiveCfg = Debug|x86
		{D7706CEA-BCB0-4FAE-8A68-16837CD7C22C}.Debug|x86.Build.0 = Debug|x86
		{D7706CEA-BCB0-4FAE-8A68-16837CD7C22C}.Release|Any CPU.ActiveCfg = Release|x86
		{D7706CEA-BCB0-4FAE-8A68-16837CD7C22C}.Release|Itanium.ActiveCfg = Release|x86
		{D7706CEA-BCB0-4FAE-8A68-16837CD7C22C}.Release|Mixed Platforms.ActiveCfg = Release|x86
		{D7706CEA-BCB0-4FAE-8A68-16837CD7C22C}.Release|Mixed Platforms.Build.0 = Release|x86
		{D7706CEA-BCB0-4FAE-8A68-16837CD7C22C}.Release|x86.ActiveCfg = Release|x86
		{D7706CEA-BCB0-4FAE-8A68-16837CD7C22C}.Release|x86.Build.0 = Release|x86
		{321CEB18-1B0E-40DC-8828-2224242AE07B}.Debug|Any CPU.ActiveCfg = Debug|x86
		{321CEB18-1B0E-40DC-8828-2224242AE07B}.Debug|Itanium.ActiveCfg = Debug|x86
		{321CEB18-1B0E-40DC-8828-2224242AE07B}.Debug|Mixed Platforms.ActiveCfg = Debug|x86
		{321CEB18-1B0E-40DC-8828-2224242AE07B}.Debug|Mixed Platforms.Build.0 = Debug|x86
		{321CEB18-1B0E-40DC-8828-2224242AE07B}.Debug|x86.ActiveCfg = Debug|x86
		{321CEB18-1B0E-40DC-8828-2224242AE07B}.Debug|x86.Build.0 = Debug|x86
		{321CEB18-1B0E-40DC-8828-2224242AE07B}.Release|Any CPU.ActiveCfg = Release|x86
		{321CEB18-1B0E-40DC-8828-2224242AE07B}.Release|Itanium.ActiveCfg = Release|x86
		{321CEB18-1B0E-40DC-8828-2224242AE07B}.Release|Mixed Platforms.ActiveCfg = Release|x86
		{321CEB18-1B0E-40DC-8828-2224242AE07B}.Release|Mixed Platforms.Build.0 = Release|x86
		{321CEB18-1B0E-40DC-8828-2224242AE07B}.Release|x86.ActiveCfg = Release|x86
		{321CEB18-1B0E-40DC-8828-2224242AE07B}.Release|x86.Build.0 = Release|x86
	EndGlobalSection
	GlobalSection(SolutionProperties) = preSolution
		HideSolutionNode = FALSE
	EndGlobalSection
	GlobalSection(NestedProjects) = preSolution
		{EDE93E1C-BCFC-48E6-B665-14DD423C5CC1} = {F2AB1149-7592-415E-80ED-72E8FEEEC0F7}
		{C03A8BBC-F8F7-4A6B-9F4C-86866CC854E1} = {F2AB1149-7592-415E-80ED-72E8FEEEC0F7}
	EndGlobalSection
EndGlobal
