
Microsoft Visual Studio Solution File, Format Version 11.00
# Visual Studio 2010
Project("{FAE04EC0-301F-11D3-BF4B-00C04F79EFBC}") = "DirectOutput", "DirectOutput\DirectOutput.csproj", "{DA43ACDD-8241-4A28-8EB2-DAE80D91FAA8}"
EndProject
Project("{FAE04EC0-301F-11D3-BF4B-00C04F79EFBC}") = "B2SServerPlugin", "B2SServerPlugin\B2SServerPlugin.csproj", "{FFD1C931-D563-4BB1-8656-F3C0952B287A}"
EndProject
Project("{FAE04EC0-301F-11D3-BF4B-00C04F79EFBC}") = "DirectOutput_Test", "DirectOutput_Test\DirectOutput_Test.csproj", "{D7706CEA-BCB0-4FAE-8A68-16837CD7C22C}"
EndProject
Project("{F184B08F-C81C-45F6-A57F-5ABD9991F28F}") = "DirectOutput_EM", "DirectOutput_EM\DirectOutput_EM.vbproj", "{A1F22E8C-E086-46ED-B612-2D54F44A8B0D}"
EndProject
Project("{FAE04EC0-301F-11D3-BF4B-00C04F79EFBC}") = "Documentation", "Documentation\Documentation.csproj", "{900AD058-EB0D-4DBC-BF34-DE5824A8C1D8}"
EndProject
Project("{2150E333-8FDC-42A3-9474-1A3956D46DE8}") = "Solution Items", "Solution Items", "{F2AB1149-7592-415E-80ED-72E8FEEEC0F7}"
	ProjectSection(SolutionItems) = preProject
		README.md = README.md
	EndProjectSection
EndProject
Project("{2150E333-8FDC-42A3-9474-1A3956D46DE8}") = "DoxygenConfig", "DoxygenConfig", "{EDE93E1C-BCFC-48E6-B665-14DD423C5CC1}"
	ProjectSection(SolutionItems) = preProject
		DoxygenConfig\DoxygenConfigFile_Github = DoxygenConfig\DoxygenConfigFile_Github
		DoxygenConfig\DoxygenConfigFile_Local = DoxygenConfig\DoxygenConfigFile_Local
		DoxygenConfig\footer.html = DoxygenConfig\footer.html
		DoxygenConfig\header_Github.html = DoxygenConfig\header_Github.html
		DoxygenConfig\header_local.html = DoxygenConfig\header_local.html
		DoxygenConfig\style.css = DoxygenConfig\style.css
	EndProjectSection
EndProject
Global
	GlobalSection(SolutionConfigurationPlatforms) = preSolution
		Debug|Any CPU = Debug|Any CPU
		Debug|Itanium = Debug|Itanium
		Debug|Mixed Platforms = Debug|Mixed Platforms
		Debug|x86 = Debug|x86
		Release|Any CPU = Release|Any CPU
		Release|Itanium = Release|Itanium
		Release|Mixed Platforms = Release|Mixed Platforms
		Release|x86 = Release|x86
	EndGlobalSection
	GlobalSection(ProjectConfigurationPlatforms) = postSolution
		{DA43ACDD-8241-4A28-8EB2-DAE80D91FAA8}.Debug|Any CPU.ActiveCfg = Debug|Any CPU
		{DA43ACDD-8241-4A28-8EB2-DAE80D91FAA8}.Debug|Any CPU.Build.0 = Debug|Any CPU
		{DA43ACDD-8241-4A28-8EB2-DAE80D91FAA8}.Debug|Itanium.ActiveCfg = Debug|x86
		{DA43ACDD-8241-4A28-8EB2-DAE80D91FAA8}.Debug|Mixed Platforms.ActiveCfg = Debug|x86
		{DA43ACDD-8241-4A28-8EB2-DAE80D91FAA8}.Debug|Mixed Platforms.Build.0 = Debug|x86
		{DA43ACDD-8241-4A28-8EB2-DAE80D91FAA8}.Debug|x86.ActiveCfg = Debug|x86
		{DA43ACDD-8241-4A28-8EB2-DAE80D91FAA8}.Debug|x86.Build.0 = Debug|x86
		{DA43ACDD-8241-4A28-8EB2-DAE80D91FAA8}.Release|Any CPU.ActiveCfg = Release|Any CPU
		{DA43ACDD-8241-4A28-8EB2-DAE80D91FAA8}.Release|Any CPU.Build.0 = Release|Any CPU
		{DA43ACDD-8241-4A28-8EB2-DAE80D91FAA8}.Release|Itanium.ActiveCfg = Release|x86
		{DA43ACDD-8241-4A28-8EB2-DAE80D91FAA8}.Release|Mixed Platforms.ActiveCfg = Release|x86
		{DA43ACDD-8241-4A28-8EB2-DAE80D91FAA8}.Release|Mixed Platforms.Build.0 = Release|x86
		{DA43ACDD-8241-4A28-8EB2-DAE80D91FAA8}.Release|x86.ActiveCfg = Release|x86
		{DA43ACDD-8241-4A28-8EB2-DAE80D91FAA8}.Release|x86.Build.0 = Release|x86
		{FFD1C931-D563-4BB1-8656-F3C0952B287A}.Debug|Any CPU.ActiveCfg = Debug|Any CPU
		{FFD1C931-D563-4BB1-8656-F3C0952B287A}.Debug|Any CPU.Build.0 = Debug|Any CPU
		{FFD1C931-D563-4BB1-8656-F3C0952B287A}.Debug|Itanium.ActiveCfg = Debug|Any CPU
		{FFD1C931-D563-4BB1-8656-F3C0952B287A}.Debug|Mixed Platforms.ActiveCfg = Debug|Any CPU
		{FFD1C931-D563-4BB1-8656-F3C0952B287A}.Debug|Mixed Platforms.Build.0 = Debug|Any CPU
		{FFD1C931-D563-4BB1-8656-F3C0952B287A}.Debug|x86.ActiveCfg = Debug|Any CPU
		{FFD1C931-D563-4BB1-8656-F3C0952B287A}.Debug|x86.Build.0 = Debug|Any CPU
		{FFD1C931-D563-4BB1-8656-F3C0952B287A}.Release|Any CPU.ActiveCfg = Release|Any CPU
		{FFD1C931-D563-4BB1-8656-F3C0952B287A}.Release|Any CPU.Build.0 = Release|Any CPU
		{FFD1C931-D563-4BB1-8656-F3C0952B287A}.Release|Itanium.ActiveCfg = Release|Any CPU
		{FFD1C931-D563-4BB1-8656-F3C0952B287A}.Release|Mixed Platforms.ActiveCfg = Release|Any CPU
		{FFD1C931-D563-4BB1-8656-F3C0952B287A}.Release|Mixed Platforms.Build.0 = Release|Any CPU
		{FFD1C931-D563-4BB1-8656-F3C0952B287A}.Release|x86.ActiveCfg = Release|Any CPU
		{FFD1C931-D563-4BB1-8656-F3C0952B287A}.Release|x86.Build.0 = Release|Any CPU
		{D7706CEA-BCB0-4FAE-8A68-16837CD7C22C}.Debug|Any CPU.ActiveCfg = Debug|x86
		{D7706CEA-BCB0-4FAE-8A68-16837CD7C22C}.Debug|Itanium.ActiveCfg = Debug|x86
		{D7706CEA-BCB0-4FAE-8A68-16837CD7C22C}.Debug|Mixed Platforms.ActiveCfg = Debug|x86
		{D7706CEA-BCB0-4FAE-8A68-16837CD7C22C}.Debug|Mixed Platforms.Build.0 = Debug|x86
		{D7706CEA-BCB0-4FAE-8A68-16837CD7C22C}.Debug|x86.ActiveCfg = Debug|x86
		{D7706CEA-BCB0-4FAE-8A68-16837CD7C22C}.Debug|x86.Build.0 = Debug|x86
		{D7706CEA-BCB0-4FAE-8A68-16837CD7C22C}.Release|Any CPU.ActiveCfg = Release|x86
		{D7706CEA-BCB0-4FAE-8A68-16837CD7C22C}.Release|Itanium.ActiveCfg = Release|x86
		{D7706CEA-BCB0-4FAE-8A68-16837CD7C22C}.Release|Mixed Platforms.ActiveCfg = Release|x86
		{D7706CEA-BCB0-4FAE-8A68-16837CD7C22C}.Release|Mixed Platforms.Build.0 = Release|x86
		{D7706CEA-BCB0-4FAE-8A68-16837CD7C22C}.Release|x86.ActiveCfg = Release|x86
		{D7706CEA-BCB0-4FAE-8A68-16837CD7C22C}.Release|x86.Build.0 = Release|x86
		{A1F22E8C-E086-46ED-B612-2D54F44A8B0D}.Debug|Any CPU.ActiveCfg = Debug|Any CPU
		{A1F22E8C-E086-46ED-B612-2D54F44A8B0D}.Debug|Any CPU.Build.0 = Debug|Any CPU
		{A1F22E8C-E086-46ED-B612-2D54F44A8B0D}.Debug|Itanium.ActiveCfg = Debug|Any CPU
		{A1F22E8C-E086-46ED-B612-2D54F44A8B0D}.Debug|Mixed Platforms.ActiveCfg = Debug|Any CPU
		{A1F22E8C-E086-46ED-B612-2D54F44A8B0D}.Debug|Mixed Platforms.Build.0 = Debug|Any CPU
		{A1F22E8C-E086-46ED-B612-2D54F44A8B0D}.Debug|x86.ActiveCfg = Debug|Any CPU
		{A1F22E8C-E086-46ED-B612-2D54F44A8B0D}.Release|Any CPU.ActiveCfg = Release|Any CPU
		{A1F22E8C-E086-46ED-B612-2D54F44A8B0D}.Release|Any CPU.Build.0 = Release|Any CPU
		{A1F22E8C-E086-46ED-B612-2D54F44A8B0D}.Release|Itanium.ActiveCfg = Release|Any CPU
		{A1F22E8C-E086-46ED-B612-2D54F44A8B0D}.Release|Mixed Platforms.ActiveCfg = Release|Any CPU
		{A1F22E8C-E086-46ED-B612-2D54F44A8B0D}.Release|Mixed Platforms.Build.0 = Release|Any CPU
		{A1F22E8C-E086-46ED-B612-2D54F44A8B0D}.Release|x86.ActiveCfg = Release|Any CPU
		{900AD058-EB0D-4DBC-BF34-DE5824A8C1D8}.Debug|Any CPU.ActiveCfg = Debug|x86
		{900AD058-EB0D-4DBC-BF34-DE5824A8C1D8}.Debug|Itanium.ActiveCfg = Debug|x86
		{900AD058-EB0D-4DBC-BF34-DE5824A8C1D8}.Debug|Mixed Platforms.ActiveCfg = Debug|x86
		{900AD058-EB0D-4DBC-BF34-DE5824A8C1D8}.Debug|Mixed Platforms.Build.0 = Debug|x86
		{900AD058-EB0D-4DBC-BF34-DE5824A8C1D8}.Debug|x86.ActiveCfg = Debug|x86
		{900AD058-EB0D-4DBC-BF34-DE5824A8C1D8}.Debug|x86.Build.0 = Debug|x86
		{900AD058-EB0D-4DBC-BF34-DE5824A8C1D8}.Release|Any CPU.ActiveCfg = Release|x86
		{900AD058-EB0D-4DBC-BF34-DE5824A8C1D8}.Release|Itanium.ActiveCfg = Release|x86
		{900AD058-EB0D-4DBC-BF34-DE5824A8C1D8}.Release|Mixed Platforms.ActiveCfg = Release|x86
		{900AD058-EB0D-4DBC-BF34-DE5824A8C1D8}.Release|Mixed Platforms.Build.0 = Release|x86
		{900AD058-EB0D-4DBC-BF34-DE5824A8C1D8}.Release|x86.ActiveCfg = Release|x86
		{900AD058-EB0D-4DBC-BF34-DE5824A8C1D8}.Release|x86.Build.0 = Release|x86
	EndGlobalSection
	GlobalSection(SolutionProperties) = preSolution
		HideSolutionNode = FALSE
	EndGlobalSection
	GlobalSection(NestedProjects) = preSolution
		{EDE93E1C-BCFC-48E6-B665-14DD423C5CC1} = {F2AB1149-7592-415E-80ED-72E8FEEEC0F7}
	EndGlobalSection
EndGlobal
